// !$*UTF8*$!
{
	archiveVersion = 1;
	classes = {
	};
	objectVersion = 55;
	objects = {

/* Begin PBXBuildFile section */
		842D1DB3273BFEBF00080E9C /* KeyboardStateObserver.swift in Sources */ = {isa = PBXBuildFile; fileRef = 842D1DB2273BFEBF00080E9C /* KeyboardStateObserver.swift */; };
		842D1DB5273C0D3100080E9C /* ProductSwipeConfigurator.swift in Sources */ = {isa = PBXBuildFile; fileRef = 842D1DB4273C0D3100080E9C /* ProductSwipeConfigurator.swift */; };
		842D1DB7273C11F400080E9C /* TableViewCell+SwipeStyle.swift in Sources */ = {isa = PBXBuildFile; fileRef = 842D1DB6273C11F400080E9C /* TableViewCell+SwipeStyle.swift */; };
		842D1DC4273D20FD00080E9C /* Apollo in Frameworks */ = {isa = PBXBuildFile; productRef = 842D1DC3273D20FD00080E9C /* Apollo */; };
		842D1DC6273D20FD00080E9C /* ApolloAPI in Frameworks */ = {isa = PBXBuildFile; productRef = 842D1DC5273D20FD00080E9C /* ApolloAPI */; };
		842D1DC8273D20FD00080E9C /* ApolloCodegenLib in Frameworks */ = {isa = PBXBuildFile; productRef = 842D1DC7273D20FD00080E9C /* ApolloCodegenLib */; };
		842D1DCA273D20FD00080E9C /* ApolloSQLite in Frameworks */ = {isa = PBXBuildFile; productRef = 842D1DC9273D20FD00080E9C /* ApolloSQLite */; };
		842D1DCC273D20FD00080E9C /* ApolloUtils in Frameworks */ = {isa = PBXBuildFile; productRef = 842D1DCB273D20FD00080E9C /* ApolloUtils */; };
		842D1DCE273D20FD00080E9C /* ApolloWebSocket in Frameworks */ = {isa = PBXBuildFile; productRef = 842D1DCD273D20FD00080E9C /* ApolloWebSocket */; };
		842D1DD0273D7C3B00080E9C /* ListModel.swift in Sources */ = {isa = PBXBuildFile; fileRef = 842D1DCF273D7C3A00080E9C /* ListModel.swift */; };
		842D1DD2273E75D000080E9C /* ProfileModel.swift in Sources */ = {isa = PBXBuildFile; fileRef = 842D1DD1273E75D000080E9C /* ProfileModel.swift */; };
		842D1DD4273E88D500080E9C /* Date+String.swift in Sources */ = {isa = PBXBuildFile; fileRef = 842D1DD3273E88D400080E9C /* Date+String.swift */; };
		842D1DD6273EBE5500080E9C /* ProductValidationService.swift in Sources */ = {isa = PBXBuildFile; fileRef = 842D1DD5273EBE5500080E9C /* ProductValidationService.swift */; };
		842D1DD8273EBE7200080E9C /* ValidationError.swift in Sources */ = {isa = PBXBuildFile; fileRef = 842D1DD7273EBE7200080E9C /* ValidationError.swift */; };
		8462CD9B273A652000535CD5 /* NetworkManager.swift in Sources */ = {isa = PBXBuildFile; fileRef = 8462CD9A273A651F00535CD5 /* NetworkManager.swift */; };
		8462CD9D273A754300535CD5 /* NetworkInterceptorProvider.swift in Sources */ = {isa = PBXBuildFile; fileRef = 8462CD9C273A754300535CD5 /* NetworkInterceptorProvider.swift */; };
		8462CD9F273A758200535CD5 /* CustomInterceptor.swift in Sources */ = {isa = PBXBuildFile; fileRef = 8462CD9E273A758200535CD5 /* CustomInterceptor.swift */; };
		8462CDA1273A835E00535CD5 /* GraphQlCustomError.swift in Sources */ = {isa = PBXBuildFile; fileRef = 8462CDA0273A835E00535CD5 /* GraphQlCustomError.swift */; };
		8462CDA3273A93A200535CD5 /* API.swift in Sources */ = {isa = PBXBuildFile; fileRef = 8462CDA2273A93A200535CD5 /* API.swift */; };
		8462CDAC273BC65300535CD5 /* AuthValidationService.swift in Sources */ = {isa = PBXBuildFile; fileRef = 8462CDAB273BC65300535CD5 /* AuthValidationService.swift */; };
		849B0F9D272AB464003761FA /* AppDelegate.swift in Sources */ = {isa = PBXBuildFile; fileRef = 849B0F9C272AB464003761FA /* AppDelegate.swift */; };
		849B0F9F272AB464003761FA /* SceneDelegate.swift in Sources */ = {isa = PBXBuildFile; fileRef = 849B0F9E272AB464003761FA /* SceneDelegate.swift */; };
		849B0FA6272AB468003761FA /* Assets.xcassets in Resources */ = {isa = PBXBuildFile; fileRef = 849B0FA5272AB468003761FA /* Assets.xcassets */; };
		849B0FA9272AB468003761FA /* LaunchScreen.storyboard in Resources */ = {isa = PBXBuildFile; fileRef = 849B0FA7272AB468003761FA /* LaunchScreen.storyboard */; };
		849B1014272ABC62003761FA /* SDWebImage in Frameworks */ = {isa = PBXBuildFile; productRef = 849B1013272ABC62003761FA /* SDWebImage */; };
		849B1029272ABDE2003761FA /* DiffableTableSectionViewModel.swift in Sources */ = {isa = PBXBuildFile; fileRef = 849B1023272ABDE2003761FA /* DiffableTableSectionViewModel.swift */; };
		849B102A272ABDE2003761FA /* DiffableTableDataSource.swift in Sources */ = {isa = PBXBuildFile; fileRef = 849B1024272ABDE2003761FA /* DiffableTableDataSource.swift */; };
		849B102B272ABDE2003761FA /* DiffableTableDelegate.swift in Sources */ = {isa = PBXBuildFile; fileRef = 849B1025272ABDE2003761FA /* DiffableTableDelegate.swift */; };
		849B102C272ABDE2003761FA /* DiffableTableView.swift in Sources */ = {isa = PBXBuildFile; fileRef = 849B1026272ABDE2003761FA /* DiffableTableView.swift */; };
		849B102D272ABDE2003761FA /* DiffableTableUpdateProtocol.swift in Sources */ = {isa = PBXBuildFile; fileRef = 849B1027272ABDE2003761FA /* DiffableTableUpdateProtocol.swift */; };
		849B102E272ABDE2003761FA /* DiffableTableSwipeViewModel.swift in Sources */ = {isa = PBXBuildFile; fileRef = 849B1028272ABDE2003761FA /* DiffableTableSwipeViewModel.swift */; };
		849B1032272AC24B003761FA /* UIViewController+Instantiate.swift in Sources */ = {isa = PBXBuildFile; fileRef = 849B1031272AC24B003761FA /* UIViewController+Instantiate.swift */; };
		849B1039272AC35D003761FA /* RouterViewController.storyboard in Resources */ = {isa = PBXBuildFile; fileRef = 849B1035272AC35D003761FA /* RouterViewController.storyboard */; };
		849B103A272AC35D003761FA /* RouterConfigurator.swift in Sources */ = {isa = PBXBuildFile; fileRef = 849B1036272AC35D003761FA /* RouterConfigurator.swift */; };
		849B103B272AC35D003761FA /* RouterViewController.swift in Sources */ = {isa = PBXBuildFile; fileRef = 849B1037272AC35D003761FA /* RouterViewController.swift */; };
		849B103C272AC35D003761FA /* RouterPresenter.swift in Sources */ = {isa = PBXBuildFile; fileRef = 849B1038272AC35D003761FA /* RouterPresenter.swift */; };
		849B103E272ACAF2003761FA /* UIView+Gradient.swift in Sources */ = {isa = PBXBuildFile; fileRef = 849B103D272ACAF2003761FA /* UIView+Gradient.swift */; };
		849B1050272AD72B003761FA /* LoginConfigurator.swift in Sources */ = {isa = PBXBuildFile; fileRef = 849B1047272AD72B003761FA /* LoginConfigurator.swift */; };
		849B1051272AD72B003761FA /* LoginViewController.swift in Sources */ = {isa = PBXBuildFile; fileRef = 849B1048272AD72B003761FA /* LoginViewController.swift */; };
		849B1052272AD72B003761FA /* LoginPresenter.swift in Sources */ = {isa = PBXBuildFile; fileRef = 849B1049272AD72B003761FA /* LoginPresenter.swift */; };
		849B1053272AD72B003761FA /* LoginViewController.storyboard in Resources */ = {isa = PBXBuildFile; fileRef = 849B104A272AD72B003761FA /* LoginViewController.storyboard */; };
		849B1054272AD72B003761FA /* SignInPresenter.swift in Sources */ = {isa = PBXBuildFile; fileRef = 849B104C272AD72B003761FA /* SignInPresenter.swift */; };
		849B1055272AD72B003761FA /* SignInConfigurator.swift in Sources */ = {isa = PBXBuildFile; fileRef = 849B104D272AD72B003761FA /* SignInConfigurator.swift */; };
		849B1056272AD72B003761FA /* SignInViewController.storyboard in Resources */ = {isa = PBXBuildFile; fileRef = 849B104E272AD72B003761FA /* SignInViewController.storyboard */; };
		849B1057272AD72B003761FA /* SignInViewController.swift in Sources */ = {isa = PBXBuildFile; fileRef = 849B104F272AD72B003761FA /* SignInViewController.swift */; };
		849B105A272ADCF5003761FA /* CustomButton.swift in Sources */ = {isa = PBXBuildFile; fileRef = 849B1059272ADCF5003761FA /* CustomButton.swift */; };
		849B105C272ADDA4003761FA /* Constants.swift in Sources */ = {isa = PBXBuildFile; fileRef = 849B105B272ADDA4003761FA /* Constants.swift */; };
		849B105E272AE8FA003761FA /* UITextField+View.swift in Sources */ = {isa = PBXBuildFile; fileRef = 849B105D272AE8F9003761FA /* UITextField+View.swift */; };
		849B105F272AEC55003761FA /* Poppins-Bold.ttf in Resources */ = {isa = PBXBuildFile; fileRef = 849B1040272AD4D4003761FA /* Poppins-Bold.ttf */; };
		849B1060272AEC55003761FA /* Poppins-Regular.ttf in Resources */ = {isa = PBXBuildFile; fileRef = 849B1041272AD4D5003761FA /* Poppins-Regular.ttf */; };
		849B1062272AED26003761FA /* UIViewController+KeyBoard.swift in Sources */ = {isa = PBXBuildFile; fileRef = 849B1061272AED25003761FA /* UIViewController+KeyBoard.swift */; };
		849B1081272AF6F1003761FA /* BasketViewController.storyboard in Resources */ = {isa = PBXBuildFile; fileRef = 849B106E272AF6F1003761FA /* BasketViewController.storyboard */; };
		849B1082272AF6F1003761FA /* BasketViewController.swift in Sources */ = {isa = PBXBuildFile; fileRef = 849B106F272AF6F1003761FA /* BasketViewController.swift */; };
		849B1083272AF6F1003761FA /* BasketConfigurator.swift in Sources */ = {isa = PBXBuildFile; fileRef = 849B1070272AF6F1003761FA /* BasketConfigurator.swift */; };
		849B1084272AF6F1003761FA /* BasketPresenter.swift in Sources */ = {isa = PBXBuildFile; fileRef = 849B1071272AF6F1003761FA /* BasketPresenter.swift */; };
		849B1085272AF6F1003761FA /* ProductAddViewController.storyboard in Resources */ = {isa = PBXBuildFile; fileRef = 849B1073272AF6F1003761FA /* ProductAddViewController.storyboard */; };
		849B1086272AF6F1003761FA /* ProductAddPresenter.swift in Sources */ = {isa = PBXBuildFile; fileRef = 849B1074272AF6F1003761FA /* ProductAddPresenter.swift */; };
		849B1087272AF6F1003761FA /* ProductAddViewController.swift in Sources */ = {isa = PBXBuildFile; fileRef = 849B1075272AF6F1003761FA /* ProductAddViewController.swift */; };
		849B1088272AF6F1003761FA /* ProductAddConfigurator.swift in Sources */ = {isa = PBXBuildFile; fileRef = 849B1076272AF6F1003761FA /* ProductAddConfigurator.swift */; };
		849B1089272AF6F1003761FA /* TabBarPresenter.swift in Sources */ = {isa = PBXBuildFile; fileRef = 849B1078272AF6F1003761FA /* TabBarPresenter.swift */; };
		849B108A272AF6F1003761FA /* TabBarViewController.swift in Sources */ = {isa = PBXBuildFile; fileRef = 849B1079272AF6F1003761FA /* TabBarViewController.swift */; };
		849B108B272AF6F1003761FA /* TabBarViewController.storyboard in Resources */ = {isa = PBXBuildFile; fileRef = 849B107A272AF6F1003761FA /* TabBarViewController.storyboard */; };
		849B108C272AF6F1003761FA /* TabBarConfigurator.swift in Sources */ = {isa = PBXBuildFile; fileRef = 849B107B272AF6F1003761FA /* TabBarConfigurator.swift */; };
		849B108D272AF6F1003761FA /* ProductsViewController.swift in Sources */ = {isa = PBXBuildFile; fileRef = 849B107D272AF6F1003761FA /* ProductsViewController.swift */; };
		849B108E272AF6F1003761FA /* ProductsPresenter.swift in Sources */ = {isa = PBXBuildFile; fileRef = 849B107E272AF6F1003761FA /* ProductsPresenter.swift */; };
		849B108F272AF6F1003761FA /* ProductsConfigurator.swift in Sources */ = {isa = PBXBuildFile; fileRef = 849B107F272AF6F1003761FA /* ProductsConfigurator.swift */; };
		849B1090272AF6F1003761FA /* ProductsViewController.storyboard in Resources */ = {isa = PBXBuildFile; fileRef = 849B1080272AF6F1003761FA /* ProductsViewController.storyboard */; };
		849B1099272BD80A003761FA /* ProductCell.swift in Sources */ = {isa = PBXBuildFile; fileRef = 849B1096272BD80A003761FA /* ProductCell.swift */; };
		849B109A272BD80A003761FA /* ProductCell.xib in Resources */ = {isa = PBXBuildFile; fileRef = 849B1097272BD80A003761FA /* ProductCell.xib */; };
		849B109B272BD80A003761FA /* ProductViewModel.swift in Sources */ = {isa = PBXBuildFile; fileRef = 849B1098272BD80A003761FA /* ProductViewModel.swift */; };
		849B109D272BE9EF003761FA /* Poppins-Medium.ttf in Resources */ = {isa = PBXBuildFile; fileRef = 849B109C272BE9EF003761FA /* Poppins-Medium.ttf */; };
		849B10A0272BF033003761FA /* NibLoadable.swift in Sources */ = {isa = PBXBuildFile; fileRef = 849B109F272BF033003761FA /* NibLoadable.swift */; };
		849B10A9272BF0BE003761FA /* TableHeaderView.xib in Resources */ = {isa = PBXBuildFile; fileRef = 849B10A6272BF0BE003761FA /* TableHeaderView.xib */; };
		849B10AA272BF0BE003761FA /* TableHeaderView.swift in Sources */ = {isa = PBXBuildFile; fileRef = 849B10A7272BF0BE003761FA /* TableHeaderView.swift */; };
		849B10AB272BF0BE003761FA /* TableHeaderViewModel.swift in Sources */ = {isa = PBXBuildFile; fileRef = 849B10A8272BF0BE003761FA /* TableHeaderViewModel.swift */; };
		849B10AE272BF1CE003761FA /* ProductsTableViewConfigurator.swift in Sources */ = {isa = PBXBuildFile; fileRef = 849B10AD272BF1CE003761FA /* ProductsTableViewConfigurator.swift */; };
		849B10B0272BF1E5003761FA /* TableView+DequeueCell.swift in Sources */ = {isa = PBXBuildFile; fileRef = 849B10AF272BF1E5003761FA /* TableView+DequeueCell.swift */; };
		849B10CA272C2F9C003761FA /* Query.graphql in Resources */ = {isa = PBXBuildFile; fileRef = 849B10C9272C2F9C003761FA /* Query.graphql */; };
		849B10D9272C4354003761FA /* BasketViewModel.swift in Sources */ = {isa = PBXBuildFile; fileRef = 849B10D2272C4353003761FA /* BasketViewModel.swift */; };
		849B10DA272C4354003761FA /* BasketCell.xib in Resources */ = {isa = PBXBuildFile; fileRef = 849B10D3272C4353003761FA /* BasketCell.xib */; };
		849B10DB272C4354003761FA /* BasketCell.swift in Sources */ = {isa = PBXBuildFile; fileRef = 849B10D4272C4354003761FA /* BasketCell.swift */; };
		849B10DC272C4354003761FA /* OrderTotalCell.swift in Sources */ = {isa = PBXBuildFile; fileRef = 849B10D6272C4354003761FA /* OrderTotalCell.swift */; };
		849B10DD272C4354003761FA /* OrderTotalCell.xib in Resources */ = {isa = PBXBuildFile; fileRef = 849B10D7272C4354003761FA /* OrderTotalCell.xib */; };
		849B10DE272C4354003761FA /* OrderTotalViewModel.swift in Sources */ = {isa = PBXBuildFile; fileRef = 849B10D8272C4354003761FA /* OrderTotalViewModel.swift */; };
		849B92312744FAED008DA9D8 /* LinuxMain.swift in Sources */ = {isa = PBXBuildFile; fileRef = 849B92202744FAEC008DA9D8 /* LinuxMain.swift */; };
		849B92322744FAED008DA9D8 /* ApolloCodegenTests.swift in Sources */ = {isa = PBXBuildFile; fileRef = 849B92222744FAEC008DA9D8 /* ApolloCodegenTests.swift */; };
		849B92332744FAED008DA9D8 /* XCTestManifests.swift in Sources */ = {isa = PBXBuildFile; fileRef = 849B92232744FAEC008DA9D8 /* XCTestManifests.swift */; };
		849B92342744FAED008DA9D8 /* README.md in Resources */ = {isa = PBXBuildFile; fileRef = 849B92242744FAEC008DA9D8 /* README.md */; };
		849B92352744FAED008DA9D8 /* Package.resolved in Resources */ = {isa = PBXBuildFile; fileRef = 849B92252744FAEC008DA9D8 /* Package.resolved */; };
		849B92362744FAED008DA9D8 /* .gitignore in Resources */ = {isa = PBXBuildFile; fileRef = 849B92262744FAEC008DA9D8 /* .gitignore */; };
		849B92372744FAED008DA9D8 /* Package.swift in Sources */ = {isa = PBXBuildFile; fileRef = 849B92272744FAEC008DA9D8 /* Package.swift */; };
		849B92382744FAED008DA9D8 /* FileStructure.swift in Sources */ = {isa = PBXBuildFile; fileRef = 849B922A2744FAEC008DA9D8 /* FileStructure.swift */; };
		849B92392744FAED008DA9D8 /* main.swift in Sources */ = {isa = PBXBuildFile; fileRef = 849B922B2744FAEC008DA9D8 /* main.swift */; };
		849B923A2744FAED008DA9D8 /* package.xcworkspace in Resources */ = {isa = PBXBuildFile; fileRef = 849B922E2744FAEC008DA9D8 /* package.xcworkspace */; };
		84C8E157272C946F00A902C8 /* BasketTableViewConfigurator.swift in Sources */ = {isa = PBXBuildFile; fileRef = 84C8E156272C946F00A902C8 /* BasketTableViewConfigurator.swift */; };
		84C8E15A272D303800A902C8 /* ImagePicker.swift in Sources */ = {isa = PBXBuildFile; fileRef = 84C8E159272D303700A902C8 /* ImagePicker.swift */; };
		84C8E15D272D353B00A902C8 /* MBProgressHUD in Frameworks */ = {isa = PBXBuildFile; productRef = 84C8E15C272D353B00A902C8 /* MBProgressHUD */; };
		84C8E15F272D35E800A902C8 /* HudViewProtocol.swift in Sources */ = {isa = PBXBuildFile; fileRef = 84C8E15E272D35E800A902C8 /* HudViewProtocol.swift */; };
		84C8E161272D49EC00A902C8 /* ProductModel.swift in Sources */ = {isa = PBXBuildFile; fileRef = 84C8E160272D49EC00A902C8 /* ProductModel.swift */; };
		84C8E163272D4A6A00A902C8 /* OrderModel.swift in Sources */ = {isa = PBXBuildFile; fileRef = 84C8E162272D4A6A00A902C8 /* OrderModel.swift */; };
		84C8E165272D4ACE00A902C8 /* UserModel.swift in Sources */ = {isa = PBXBuildFile; fileRef = 84C8E164272D4ACE00A902C8 /* UserModel.swift */; };
		84C8E169272D4B8C00A902C8 /* KeychainSwift in Frameworks */ = {isa = PBXBuildFile; productRef = 84C8E168272D4B8C00A902C8 /* KeychainSwift */; };
		84C8E16B272D4BB000A902C8 /* KeychainManager.swift in Sources */ = {isa = PBXBuildFile; fileRef = 84C8E16A272D4BB000A902C8 /* KeychainManager.swift */; };
		84C8E16E272D4C0300A902C8 /* KeyChainKeys.swift in Sources */ = {isa = PBXBuildFile; fileRef = 84C8E16D272D4C0300A902C8 /* KeyChainKeys.swift */; };
		84C8E177272D4FF200A902C8 /* UserProfileViewController.swift in Sources */ = {isa = PBXBuildFile; fileRef = 84C8E173272D4FF200A902C8 /* UserProfileViewController.swift */; };
		84C8E178272D4FF200A902C8 /* UserProfilePresenter.swift in Sources */ = {isa = PBXBuildFile; fileRef = 84C8E174272D4FF200A902C8 /* UserProfilePresenter.swift */; };
		84C8E179272D4FF200A902C8 /* UserProfileConfigurator.swift in Sources */ = {isa = PBXBuildFile; fileRef = 84C8E175272D4FF200A902C8 /* UserProfileConfigurator.swift */; };
		84C8E17A272D4FF200A902C8 /* UserProfileViewController.storyboard in Resources */ = {isa = PBXBuildFile; fileRef = 84C8E176272D4FF200A902C8 /* UserProfileViewController.storyboard */; };
		84C8E181272D513B00A902C8 /* UserInfoViewModel.swift in Sources */ = {isa = PBXBuildFile; fileRef = 84C8E17E272D513B00A902C8 /* UserInfoViewModel.swift */; };
		84C8E182272D513B00A902C8 /* UserInfoCell.swift in Sources */ = {isa = PBXBuildFile; fileRef = 84C8E17F272D513B00A902C8 /* UserInfoCell.swift */; };
		84C8E183272D513B00A902C8 /* UserInfoCell.xib in Resources */ = {isa = PBXBuildFile; fileRef = 84C8E180272D513B00A902C8 /* UserInfoCell.xib */; };
		84C8E186272D543800A902C8 /* UserTableViewConfigurator.swift in Sources */ = {isa = PBXBuildFile; fileRef = 84C8E185272D543800A902C8 /* UserTableViewConfigurator.swift */; };
/* End PBXBuildFile section */

/* Begin PBXFileReference section */
		842D1DB2273BFEBF00080E9C /* KeyboardStateObserver.swift */ = {isa = PBXFileReference; lastKnownFileType = sourcecode.swift; path = KeyboardStateObserver.swift; sourceTree = "<group>"; };
		842D1DB4273C0D3100080E9C /* ProductSwipeConfigurator.swift */ = {isa = PBXFileReference; lastKnownFileType = sourcecode.swift; path = ProductSwipeConfigurator.swift; sourceTree = "<group>"; };
		842D1DB6273C11F400080E9C /* TableViewCell+SwipeStyle.swift */ = {isa = PBXFileReference; lastKnownFileType = sourcecode.swift; path = "TableViewCell+SwipeStyle.swift"; sourceTree = "<group>"; };
		842D1DCF273D7C3A00080E9C /* ListModel.swift */ = {isa = PBXFileReference; lastKnownFileType = sourcecode.swift; path = ListModel.swift; sourceTree = "<group>"; };
		842D1DD1273E75D000080E9C /* ProfileModel.swift */ = {isa = PBXFileReference; lastKnownFileType = sourcecode.swift; path = ProfileModel.swift; sourceTree = "<group>"; };
		842D1DD3273E88D400080E9C /* Date+String.swift */ = {isa = PBXFileReference; lastKnownFileType = sourcecode.swift; path = "Date+String.swift"; sourceTree = "<group>"; };
		842D1DD5273EBE5500080E9C /* ProductValidationService.swift */ = {isa = PBXFileReference; lastKnownFileType = sourcecode.swift; path = ProductValidationService.swift; sourceTree = "<group>"; };
		842D1DD7273EBE7200080E9C /* ValidationError.swift */ = {isa = PBXFileReference; lastKnownFileType = sourcecode.swift; path = ValidationError.swift; sourceTree = "<group>"; };
		8462CD9A273A651F00535CD5 /* NetworkManager.swift */ = {isa = PBXFileReference; lastKnownFileType = sourcecode.swift; path = NetworkManager.swift; sourceTree = "<group>"; };
		8462CD9C273A754300535CD5 /* NetworkInterceptorProvider.swift */ = {isa = PBXFileReference; lastKnownFileType = sourcecode.swift; path = NetworkInterceptorProvider.swift; sourceTree = "<group>"; };
		8462CD9E273A758200535CD5 /* CustomInterceptor.swift */ = {isa = PBXFileReference; lastKnownFileType = sourcecode.swift; path = CustomInterceptor.swift; sourceTree = "<group>"; };
		8462CDA0273A835E00535CD5 /* GraphQlCustomError.swift */ = {isa = PBXFileReference; lastKnownFileType = sourcecode.swift; path = GraphQlCustomError.swift; sourceTree = "<group>"; };
		8462CDA2273A93A200535CD5 /* API.swift */ = {isa = PBXFileReference; fileEncoding = 4; lastKnownFileType = sourcecode.swift; path = API.swift; sourceTree = "<group>"; };
		8462CDAB273BC65300535CD5 /* AuthValidationService.swift */ = {isa = PBXFileReference; lastKnownFileType = sourcecode.swift; path = AuthValidationService.swift; sourceTree = "<group>"; };
		849B0F99272AB464003761FA /* Products.app */ = {isa = PBXFileReference; explicitFileType = wrapper.application; includeInIndex = 0; path = Products.app; sourceTree = BUILT_PRODUCTS_DIR; };
		849B0F9C272AB464003761FA /* AppDelegate.swift */ = {isa = PBXFileReference; lastKnownFileType = sourcecode.swift; path = AppDelegate.swift; sourceTree = "<group>"; };
		849B0F9E272AB464003761FA /* SceneDelegate.swift */ = {isa = PBXFileReference; lastKnownFileType = sourcecode.swift; path = SceneDelegate.swift; sourceTree = "<group>"; };
		849B0FA5272AB468003761FA /* Assets.xcassets */ = {isa = PBXFileReference; lastKnownFileType = folder.assetcatalog; path = Assets.xcassets; sourceTree = "<group>"; };
		849B0FA8272AB468003761FA /* Base */ = {isa = PBXFileReference; lastKnownFileType = file.storyboard; name = Base; path = Base.lproj/LaunchScreen.storyboard; sourceTree = "<group>"; };
		849B0FAA272AB468003761FA /* Info.plist */ = {isa = PBXFileReference; lastKnownFileType = text.plist.xml; path = Info.plist; sourceTree = "<group>"; };
		849B1023272ABDE2003761FA /* DiffableTableSectionViewModel.swift */ = {isa = PBXFileReference; fileEncoding = 4; lastKnownFileType = sourcecode.swift; path = DiffableTableSectionViewModel.swift; sourceTree = "<group>"; };
		849B1024272ABDE2003761FA /* DiffableTableDataSource.swift */ = {isa = PBXFileReference; fileEncoding = 4; lastKnownFileType = sourcecode.swift; path = DiffableTableDataSource.swift; sourceTree = "<group>"; };
		849B1025272ABDE2003761FA /* DiffableTableDelegate.swift */ = {isa = PBXFileReference; fileEncoding = 4; lastKnownFileType = sourcecode.swift; path = DiffableTableDelegate.swift; sourceTree = "<group>"; };
		849B1026272ABDE2003761FA /* DiffableTableView.swift */ = {isa = PBXFileReference; fileEncoding = 4; lastKnownFileType = sourcecode.swift; path = DiffableTableView.swift; sourceTree = "<group>"; };
		849B1027272ABDE2003761FA /* DiffableTableUpdateProtocol.swift */ = {isa = PBXFileReference; fileEncoding = 4; lastKnownFileType = sourcecode.swift; path = DiffableTableUpdateProtocol.swift; sourceTree = "<group>"; };
		849B1028272ABDE2003761FA /* DiffableTableSwipeViewModel.swift */ = {isa = PBXFileReference; fileEncoding = 4; lastKnownFileType = sourcecode.swift; path = DiffableTableSwipeViewModel.swift; sourceTree = "<group>"; };
		849B1031272AC24B003761FA /* UIViewController+Instantiate.swift */ = {isa = PBXFileReference; lastKnownFileType = sourcecode.swift; path = "UIViewController+Instantiate.swift"; sourceTree = "<group>"; };
		849B1035272AC35D003761FA /* RouterViewController.storyboard */ = {isa = PBXFileReference; fileEncoding = 4; lastKnownFileType = file.storyboard; path = RouterViewController.storyboard; sourceTree = "<group>"; };
		849B1036272AC35D003761FA /* RouterConfigurator.swift */ = {isa = PBXFileReference; fileEncoding = 4; lastKnownFileType = sourcecode.swift; path = RouterConfigurator.swift; sourceTree = "<group>"; };
		849B1037272AC35D003761FA /* RouterViewController.swift */ = {isa = PBXFileReference; fileEncoding = 4; lastKnownFileType = sourcecode.swift; path = RouterViewController.swift; sourceTree = "<group>"; };
		849B1038272AC35D003761FA /* RouterPresenter.swift */ = {isa = PBXFileReference; fileEncoding = 4; lastKnownFileType = sourcecode.swift; path = RouterPresenter.swift; sourceTree = "<group>"; };
		849B103D272ACAF2003761FA /* UIView+Gradient.swift */ = {isa = PBXFileReference; lastKnownFileType = sourcecode.swift; path = "UIView+Gradient.swift"; sourceTree = "<group>"; };
		849B1040272AD4D4003761FA /* Poppins-Bold.ttf */ = {isa = PBXFileReference; lastKnownFileType = file; path = "Poppins-Bold.ttf"; sourceTree = "<group>"; };
		849B1041272AD4D5003761FA /* Poppins-Regular.ttf */ = {isa = PBXFileReference; lastKnownFileType = file; path = "Poppins-Regular.ttf"; sourceTree = "<group>"; };
		849B1047272AD72B003761FA /* LoginConfigurator.swift */ = {isa = PBXFileReference; fileEncoding = 4; lastKnownFileType = sourcecode.swift; path = LoginConfigurator.swift; sourceTree = "<group>"; };
		849B1048272AD72B003761FA /* LoginViewController.swift */ = {isa = PBXFileReference; fileEncoding = 4; lastKnownFileType = sourcecode.swift; path = LoginViewController.swift; sourceTree = "<group>"; };
		849B1049272AD72B003761FA /* LoginPresenter.swift */ = {isa = PBXFileReference; fileEncoding = 4; lastKnownFileType = sourcecode.swift; path = LoginPresenter.swift; sourceTree = "<group>"; };
		849B104A272AD72B003761FA /* LoginViewController.storyboard */ = {isa = PBXFileReference; fileEncoding = 4; lastKnownFileType = file.storyboard; path = LoginViewController.storyboard; sourceTree = "<group>"; };
		849B104C272AD72B003761FA /* SignInPresenter.swift */ = {isa = PBXFileReference; fileEncoding = 4; lastKnownFileType = sourcecode.swift; path = SignInPresenter.swift; sourceTree = "<group>"; };
		849B104D272AD72B003761FA /* SignInConfigurator.swift */ = {isa = PBXFileReference; fileEncoding = 4; lastKnownFileType = sourcecode.swift; path = SignInConfigurator.swift; sourceTree = "<group>"; };
		849B104E272AD72B003761FA /* SignInViewController.storyboard */ = {isa = PBXFileReference; fileEncoding = 4; lastKnownFileType = file.storyboard; path = SignInViewController.storyboard; sourceTree = "<group>"; };
		849B104F272AD72B003761FA /* SignInViewController.swift */ = {isa = PBXFileReference; fileEncoding = 4; lastKnownFileType = sourcecode.swift; path = SignInViewController.swift; sourceTree = "<group>"; };
		849B1059272ADCF5003761FA /* CustomButton.swift */ = {isa = PBXFileReference; lastKnownFileType = sourcecode.swift; path = CustomButton.swift; sourceTree = "<group>"; };
		849B105B272ADDA4003761FA /* Constants.swift */ = {isa = PBXFileReference; lastKnownFileType = sourcecode.swift; path = Constants.swift; sourceTree = "<group>"; };
		849B105D272AE8F9003761FA /* UITextField+View.swift */ = {isa = PBXFileReference; lastKnownFileType = sourcecode.swift; path = "UITextField+View.swift"; sourceTree = "<group>"; };
		849B1061272AED25003761FA /* UIViewController+KeyBoard.swift */ = {isa = PBXFileReference; lastKnownFileType = sourcecode.swift; path = "UIViewController+KeyBoard.swift"; sourceTree = "<group>"; };
		849B106E272AF6F1003761FA /* BasketViewController.storyboard */ = {isa = PBXFileReference; fileEncoding = 4; lastKnownFileType = file.storyboard; path = BasketViewController.storyboard; sourceTree = "<group>"; };
		849B106F272AF6F1003761FA /* BasketViewController.swift */ = {isa = PBXFileReference; fileEncoding = 4; lastKnownFileType = sourcecode.swift; path = BasketViewController.swift; sourceTree = "<group>"; };
		849B1070272AF6F1003761FA /* BasketConfigurator.swift */ = {isa = PBXFileReference; fileEncoding = 4; lastKnownFileType = sourcecode.swift; path = BasketConfigurator.swift; sourceTree = "<group>"; };
		849B1071272AF6F1003761FA /* BasketPresenter.swift */ = {isa = PBXFileReference; fileEncoding = 4; lastKnownFileType = sourcecode.swift; path = BasketPresenter.swift; sourceTree = "<group>"; };
		849B1073272AF6F1003761FA /* ProductAddViewController.storyboard */ = {isa = PBXFileReference; fileEncoding = 4; lastKnownFileType = file.storyboard; path = ProductAddViewController.storyboard; sourceTree = "<group>"; };
		849B1074272AF6F1003761FA /* ProductAddPresenter.swift */ = {isa = PBXFileReference; fileEncoding = 4; lastKnownFileType = sourcecode.swift; path = ProductAddPresenter.swift; sourceTree = "<group>"; };
		849B1075272AF6F1003761FA /* ProductAddViewController.swift */ = {isa = PBXFileReference; fileEncoding = 4; lastKnownFileType = sourcecode.swift; path = ProductAddViewController.swift; sourceTree = "<group>"; };
		849B1076272AF6F1003761FA /* ProductAddConfigurator.swift */ = {isa = PBXFileReference; fileEncoding = 4; lastKnownFileType = sourcecode.swift; path = ProductAddConfigurator.swift; sourceTree = "<group>"; };
		849B1078272AF6F1003761FA /* TabBarPresenter.swift */ = {isa = PBXFileReference; fileEncoding = 4; lastKnownFileType = sourcecode.swift; path = TabBarPresenter.swift; sourceTree = "<group>"; };
		849B1079272AF6F1003761FA /* TabBarViewController.swift */ = {isa = PBXFileReference; fileEncoding = 4; lastKnownFileType = sourcecode.swift; path = TabBarViewController.swift; sourceTree = "<group>"; };
		849B107A272AF6F1003761FA /* TabBarViewController.storyboard */ = {isa = PBXFileReference; fileEncoding = 4; lastKnownFileType = file.storyboard; path = TabBarViewController.storyboard; sourceTree = "<group>"; };
		849B107B272AF6F1003761FA /* TabBarConfigurator.swift */ = {isa = PBXFileReference; fileEncoding = 4; lastKnownFileType = sourcecode.swift; path = TabBarConfigurator.swift; sourceTree = "<group>"; };
		849B107D272AF6F1003761FA /* ProductsViewController.swift */ = {isa = PBXFileReference; fileEncoding = 4; lastKnownFileType = sourcecode.swift; path = ProductsViewController.swift; sourceTree = "<group>"; };
		849B107E272AF6F1003761FA /* ProductsPresenter.swift */ = {isa = PBXFileReference; fileEncoding = 4; lastKnownFileType = sourcecode.swift; path = ProductsPresenter.swift; sourceTree = "<group>"; };
		849B107F272AF6F1003761FA /* ProductsConfigurator.swift */ = {isa = PBXFileReference; fileEncoding = 4; lastKnownFileType = sourcecode.swift; path = ProductsConfigurator.swift; sourceTree = "<group>"; };
		849B1080272AF6F1003761FA /* ProductsViewController.storyboard */ = {isa = PBXFileReference; fileEncoding = 4; lastKnownFileType = file.storyboard; path = ProductsViewController.storyboard; sourceTree = "<group>"; };
		849B1096272BD80A003761FA /* ProductCell.swift */ = {isa = PBXFileReference; fileEncoding = 4; lastKnownFileType = sourcecode.swift; path = ProductCell.swift; sourceTree = "<group>"; };
		849B1097272BD80A003761FA /* ProductCell.xib */ = {isa = PBXFileReference; fileEncoding = 4; lastKnownFileType = file.xib; path = ProductCell.xib; sourceTree = "<group>"; };
		849B1098272BD80A003761FA /* ProductViewModel.swift */ = {isa = PBXFileReference; fileEncoding = 4; lastKnownFileType = sourcecode.swift; path = ProductViewModel.swift; sourceTree = "<group>"; };
		849B109C272BE9EF003761FA /* Poppins-Medium.ttf */ = {isa = PBXFileReference; lastKnownFileType = file; path = "Poppins-Medium.ttf"; sourceTree = "<group>"; };
		849B109F272BF033003761FA /* NibLoadable.swift */ = {isa = PBXFileReference; lastKnownFileType = sourcecode.swift; path = NibLoadable.swift; sourceTree = "<group>"; };
		849B10A6272BF0BE003761FA /* TableHeaderView.xib */ = {isa = PBXFileReference; fileEncoding = 4; lastKnownFileType = file.xib; path = TableHeaderView.xib; sourceTree = "<group>"; };
		849B10A7272BF0BE003761FA /* TableHeaderView.swift */ = {isa = PBXFileReference; fileEncoding = 4; lastKnownFileType = sourcecode.swift; path = TableHeaderView.swift; sourceTree = "<group>"; };
		849B10A8272BF0BE003761FA /* TableHeaderViewModel.swift */ = {isa = PBXFileReference; fileEncoding = 4; lastKnownFileType = sourcecode.swift; path = TableHeaderViewModel.swift; sourceTree = "<group>"; };
		849B10AD272BF1CE003761FA /* ProductsTableViewConfigurator.swift */ = {isa = PBXFileReference; lastKnownFileType = sourcecode.swift; path = ProductsTableViewConfigurator.swift; sourceTree = "<group>"; };
		849B10AF272BF1E5003761FA /* TableView+DequeueCell.swift */ = {isa = PBXFileReference; lastKnownFileType = sourcecode.swift; path = "TableView+DequeueCell.swift"; sourceTree = "<group>"; };
		849B10C9272C2F9C003761FA /* Query.graphql */ = {isa = PBXFileReference; fileEncoding = 4; lastKnownFileType = text; path = Query.graphql; sourceTree = "<group>"; };
		849B10D2272C4353003761FA /* BasketViewModel.swift */ = {isa = PBXFileReference; fileEncoding = 4; lastKnownFileType = sourcecode.swift; path = BasketViewModel.swift; sourceTree = "<group>"; };
		849B10D3272C4353003761FA /* BasketCell.xib */ = {isa = PBXFileReference; fileEncoding = 4; lastKnownFileType = file.xib; path = BasketCell.xib; sourceTree = "<group>"; };
		849B10D4272C4354003761FA /* BasketCell.swift */ = {isa = PBXFileReference; fileEncoding = 4; lastKnownFileType = sourcecode.swift; path = BasketCell.swift; sourceTree = "<group>"; };
		849B10D6272C4354003761FA /* OrderTotalCell.swift */ = {isa = PBXFileReference; fileEncoding = 4; lastKnownFileType = sourcecode.swift; path = OrderTotalCell.swift; sourceTree = "<group>"; };
		849B10D7272C4354003761FA /* OrderTotalCell.xib */ = {isa = PBXFileReference; fileEncoding = 4; lastKnownFileType = file.xib; path = OrderTotalCell.xib; sourceTree = "<group>"; };
		849B10D8272C4354003761FA /* OrderTotalViewModel.swift */ = {isa = PBXFileReference; fileEncoding = 4; lastKnownFileType = sourcecode.swift; path = OrderTotalViewModel.swift; sourceTree = "<group>"; };
		849B92202744FAEC008DA9D8 /* LinuxMain.swift */ = {isa = PBXFileReference; fileEncoding = 4; lastKnownFileType = sourcecode.swift; path = LinuxMain.swift; sourceTree = "<group>"; };
		849B92222744FAEC008DA9D8 /* ApolloCodegenTests.swift */ = {isa = PBXFileReference; fileEncoding = 4; lastKnownFileType = sourcecode.swift; path = ApolloCodegenTests.swift; sourceTree = "<group>"; };
		849B92232744FAEC008DA9D8 /* XCTestManifests.swift */ = {isa = PBXFileReference; fileEncoding = 4; lastKnownFileType = sourcecode.swift; path = XCTestManifests.swift; sourceTree = "<group>"; };
		849B92242744FAEC008DA9D8 /* README.md */ = {isa = PBXFileReference; fileEncoding = 4; lastKnownFileType = net.daringfireball.markdown; path = README.md; sourceTree = "<group>"; };
		849B92252744FAEC008DA9D8 /* Package.resolved */ = {isa = PBXFileReference; fileEncoding = 4; lastKnownFileType = text; path = Package.resolved; sourceTree = "<group>"; };
		849B92262744FAEC008DA9D8 /* .gitignore */ = {isa = PBXFileReference; fileEncoding = 4; lastKnownFileType = text; path = .gitignore; sourceTree = "<group>"; };
		849B92272744FAEC008DA9D8 /* Package.swift */ = {isa = PBXFileReference; fileEncoding = 4; lastKnownFileType = sourcecode.swift; path = Package.swift; sourceTree = "<group>"; };
		849B922A2744FAEC008DA9D8 /* FileStructure.swift */ = {isa = PBXFileReference; fileEncoding = 4; lastKnownFileType = sourcecode.swift; path = FileStructure.swift; sourceTree = "<group>"; };
		849B922B2744FAEC008DA9D8 /* main.swift */ = {isa = PBXFileReference; fileEncoding = 4; lastKnownFileType = sourcecode.swift; path = main.swift; sourceTree = "<group>"; };
		849B922E2744FAEC008DA9D8 /* package.xcworkspace */ = {isa = PBXFileReference; lastKnownFileType = wrapper.workspace; path = package.xcworkspace; sourceTree = "<group>"; };
		84C8E156272C946F00A902C8 /* BasketTableViewConfigurator.swift */ = {isa = PBXFileReference; lastKnownFileType = sourcecode.swift; path = BasketTableViewConfigurator.swift; sourceTree = "<group>"; };
		84C8E159272D303700A902C8 /* ImagePicker.swift */ = {isa = PBXFileReference; lastKnownFileType = sourcecode.swift; path = ImagePicker.swift; sourceTree = "<group>"; };
		84C8E15E272D35E800A902C8 /* HudViewProtocol.swift */ = {isa = PBXFileReference; lastKnownFileType = sourcecode.swift; path = HudViewProtocol.swift; sourceTree = "<group>"; };
		84C8E160272D49EC00A902C8 /* ProductModel.swift */ = {isa = PBXFileReference; lastKnownFileType = sourcecode.swift; path = ProductModel.swift; sourceTree = "<group>"; };
		84C8E162272D4A6A00A902C8 /* OrderModel.swift */ = {isa = PBXFileReference; lastKnownFileType = sourcecode.swift; path = OrderModel.swift; sourceTree = "<group>"; };
		84C8E164272D4ACE00A902C8 /* UserModel.swift */ = {isa = PBXFileReference; lastKnownFileType = sourcecode.swift; path = UserModel.swift; sourceTree = "<group>"; };
		84C8E16A272D4BB000A902C8 /* KeychainManager.swift */ = {isa = PBXFileReference; lastKnownFileType = sourcecode.swift; path = KeychainManager.swift; sourceTree = "<group>"; };
		84C8E16D272D4C0300A902C8 /* KeyChainKeys.swift */ = {isa = PBXFileReference; lastKnownFileType = sourcecode.swift; path = KeyChainKeys.swift; sourceTree = "<group>"; };
		84C8E173272D4FF200A902C8 /* UserProfileViewController.swift */ = {isa = PBXFileReference; fileEncoding = 4; lastKnownFileType = sourcecode.swift; path = UserProfileViewController.swift; sourceTree = "<group>"; };
		84C8E174272D4FF200A902C8 /* UserProfilePresenter.swift */ = {isa = PBXFileReference; fileEncoding = 4; lastKnownFileType = sourcecode.swift; path = UserProfilePresenter.swift; sourceTree = "<group>"; };
		84C8E175272D4FF200A902C8 /* UserProfileConfigurator.swift */ = {isa = PBXFileReference; fileEncoding = 4; lastKnownFileType = sourcecode.swift; path = UserProfileConfigurator.swift; sourceTree = "<group>"; };
		84C8E176272D4FF200A902C8 /* UserProfileViewController.storyboard */ = {isa = PBXFileReference; fileEncoding = 4; lastKnownFileType = file.storyboard; path = UserProfileViewController.storyboard; sourceTree = "<group>"; };
		84C8E17E272D513B00A902C8 /* UserInfoViewModel.swift */ = {isa = PBXFileReference; fileEncoding = 4; lastKnownFileType = sourcecode.swift; path = UserInfoViewModel.swift; sourceTree = "<group>"; };
		84C8E17F272D513B00A902C8 /* UserInfoCell.swift */ = {isa = PBXFileReference; fileEncoding = 4; lastKnownFileType = sourcecode.swift; path = UserInfoCell.swift; sourceTree = "<group>"; };
		84C8E180272D513B00A902C8 /* UserInfoCell.xib */ = {isa = PBXFileReference; fileEncoding = 4; lastKnownFileType = file.xib; path = UserInfoCell.xib; sourceTree = "<group>"; };
		84C8E185272D543800A902C8 /* UserTableViewConfigurator.swift */ = {isa = PBXFileReference; lastKnownFileType = sourcecode.swift; path = UserTableViewConfigurator.swift; sourceTree = "<group>"; };
/* End PBXFileReference section */

/* Begin PBXFrameworksBuildPhase section */
		849B0F96272AB464003761FA /* Frameworks */ = {
			isa = PBXFrameworksBuildPhase;
			buildActionMask = 2147483647;
			files = (
				84C8E169272D4B8C00A902C8 /* KeychainSwift in Frameworks */,
				842D1DCA273D20FD00080E9C /* ApolloSQLite in Frameworks */,
				842D1DC8273D20FD00080E9C /* ApolloCodegenLib in Frameworks */,
				842D1DCC273D20FD00080E9C /* ApolloUtils in Frameworks */,
				842D1DC4273D20FD00080E9C /* Apollo in Frameworks */,
				849B1014272ABC62003761FA /* SDWebImage in Frameworks */,
				84C8E15D272D353B00A902C8 /* MBProgressHUD in Frameworks */,
				842D1DCE273D20FD00080E9C /* ApolloWebSocket in Frameworks */,
				842D1DC6273D20FD00080E9C /* ApolloAPI in Frameworks */,
			);
			runOnlyForDeploymentPostprocessing = 0;
		};
/* End PBXFrameworksBuildPhase section */

/* Begin PBXGroup section */
		8462CDAA273BC64200535CD5 /* ValidationService */ = {
			isa = PBXGroup;
			children = (
				842D1DD7273EBE7200080E9C /* ValidationError.swift */,
				842D1DD5273EBE5500080E9C /* ProductValidationService.swift */,
				8462CDAB273BC65300535CD5 /* AuthValidationService.swift */,
			);
			path = ValidationService;
			sourceTree = "<group>";
		};
		849B0F90272AB464003761FA = {
			isa = PBXGroup;
			children = (
				849B1009272ABA67003761FA /* Products */,
				849B0F9A272AB464003761FA /* Products */,
			);
			sourceTree = "<group>";
		};
		849B0F9A272AB464003761FA /* Products */ = {
			isa = PBXGroup;
			children = (
				849B0F99272AB464003761FA /* Products.app */,
			);
			name = Products;
			sourceTree = "<group>";
		};
		849B0F9B272AB464003761FA /* Products */ = {
			isa = PBXGroup;
			children = (
				849B921E2744FAEC008DA9D8 /* ApolloCodegen */,
				849B102F272ABDE5003761FA /* CoreUI */,
				849B1011272ABAFC003761FA /* Services */,
				849B100E272ABADA003761FA /* Models */,
				849B100D272ABAD3003761FA /* Modules */,
				849B100C272ABAC1003761FA /* Settings */,
				849B100B272ABAB4003761FA /* Resources */,
				849B100A272ABA94003761FA /* Application */,
			);
			path = Products;
			sourceTree = "<group>";
		};
		849B1009272ABA67003761FA /* Products */ = {
			isa = PBXGroup;
			children = (
				849B0F9B272AB464003761FA /* Products */,
			);
			path = Products;
			sourceTree = "<group>";
		};
		849B100A272ABA94003761FA /* Application */ = {
			isa = PBXGroup;
			children = (
				849B0FA7272AB468003761FA /* LaunchScreen.storyboard */,
				849B0F9C272AB464003761FA /* AppDelegate.swift */,
				849B0F9E272AB464003761FA /* SceneDelegate.swift */,
			);
			path = Application;
			sourceTree = "<group>";
		};
		849B100B272ABAB4003761FA /* Resources */ = {
			isa = PBXGroup;
			children = (
				849B105B272ADDA4003761FA /* Constants.swift */,
				849B10B1272C20D7003761FA /* GraphQL */,
				849B103F272AD4C0003761FA /* Fonts */,
				849B0FA5272AB468003761FA /* Assets.xcassets */,
			);
			path = Resources;
			sourceTree = "<group>";
		};
		849B100C272ABAC1003761FA /* Settings */ = {
			isa = PBXGroup;
			children = (
				849B0FAA272AB468003761FA /* Info.plist */,
			);
			path = Settings;
			sourceTree = "<group>";
		};
		849B100D272ABAD3003761FA /* Modules */ = {
			isa = PBXGroup;
			children = (
				849B1034272AC35D003761FA /* Router */,
				849B1010272ABAF1003761FA /* Content */,
				849B100F272ABAE9003761FA /* Auth */,
			);
			path = Modules;
			sourceTree = "<group>";
		};
		849B100E272ABADA003761FA /* Models */ = {
			isa = PBXGroup;
			children = (
				842D1DD1273E75D000080E9C /* ProfileModel.swift */,
				842D1DCF273D7C3A00080E9C /* ListModel.swift */,
				84C8E164272D4ACE00A902C8 /* UserModel.swift */,
				84C8E162272D4A6A00A902C8 /* OrderModel.swift */,
				84C8E160272D49EC00A902C8 /* ProductModel.swift */,
			);
			path = Models;
			sourceTree = "<group>";
		};
		849B100F272ABAE9003761FA /* Auth */ = {
			isa = PBXGroup;
			children = (
				849B1046272AD72B003761FA /* Login */,
				849B104B272AD72B003761FA /* SignIn */,
			);
			path = Auth;
			sourceTree = "<group>";
		};
		849B1010272ABAF1003761FA /* Content */ = {
			isa = PBXGroup;
			children = (
				84C8E158272D302400A902C8 /* ImagePicker */,
				849B1077272AF6F1003761FA /* TabBar */,
				84C8E172272D4FF200A902C8 /* UserProfile */,
				849B106D272AF6F1003761FA /* Basket */,
				849B1072272AF6F1003761FA /* ProductAdd */,
				849B107C272AF6F1003761FA /* Products */,
			);
			path = Content;
			sourceTree = "<group>";
		};
		849B1011272ABAFC003761FA /* Services */ = {
			isa = PBXGroup;
			children = (
				8462CDAA273BC64200535CD5 /* ValidationService */,
				84C8E16F272D4FA900A902C8 /* NetworkManager */,
				84C8E16C272D4BB800A902C8 /* KeychainManager */,
			);
			path = Services;
			sourceTree = "<group>";
		};
		849B1022272ABDE2003761FA /* DiffableTableView */ = {
			isa = PBXGroup;
			children = (
				849B1023272ABDE2003761FA /* DiffableTableSectionViewModel.swift */,
				849B1024272ABDE2003761FA /* DiffableTableDataSource.swift */,
				849B1025272ABDE2003761FA /* DiffableTableDelegate.swift */,
				849B1026272ABDE2003761FA /* DiffableTableView.swift */,
				849B1027272ABDE2003761FA /* DiffableTableUpdateProtocol.swift */,
				849B1028272ABDE2003761FA /* DiffableTableSwipeViewModel.swift */,
			);
			path = DiffableTableView;
			sourceTree = "<group>";
		};
		849B102F272ABDE5003761FA /* CoreUI */ = {
			isa = PBXGroup;
			children = (
				849B109E272BF01E003761FA /* Protocols */,
				849B1058272ADCD1003761FA /* Elements */,
				849B1030272AC22F003761FA /* Extensions */,
			);
			path = CoreUI;
			sourceTree = "<group>";
		};
		849B1030272AC22F003761FA /* Extensions */ = {
			isa = PBXGroup;
			children = (
				842D1DD3273E88D400080E9C /* Date+String.swift */,
				842D1DB6273C11F400080E9C /* TableViewCell+SwipeStyle.swift */,
				849B10AF272BF1E5003761FA /* TableView+DequeueCell.swift */,
				849B1061272AED25003761FA /* UIViewController+KeyBoard.swift */,
				849B105D272AE8F9003761FA /* UITextField+View.swift */,
				849B103D272ACAF2003761FA /* UIView+Gradient.swift */,
				849B1031272AC24B003761FA /* UIViewController+Instantiate.swift */,
			);
			path = Extensions;
			sourceTree = "<group>";
		};
		849B1034272AC35D003761FA /* Router */ = {
			isa = PBXGroup;
			children = (
				849B1037272AC35D003761FA /* RouterViewController.swift */,
				849B1038272AC35D003761FA /* RouterPresenter.swift */,
				849B1035272AC35D003761FA /* RouterViewController.storyboard */,
				849B1036272AC35D003761FA /* RouterConfigurator.swift */,
			);
			path = Router;
			sourceTree = "<group>";
		};
		849B103F272AD4C0003761FA /* Fonts */ = {
			isa = PBXGroup;
			children = (
				849B109C272BE9EF003761FA /* Poppins-Medium.ttf */,
				849B1040272AD4D4003761FA /* Poppins-Bold.ttf */,
				849B1041272AD4D5003761FA /* Poppins-Regular.ttf */,
			);
			path = Fonts;
			sourceTree = "<group>";
		};
		849B1046272AD72B003761FA /* Login */ = {
			isa = PBXGroup;
			children = (
				849B1048272AD72B003761FA /* LoginViewController.swift */,
				849B1049272AD72B003761FA /* LoginPresenter.swift */,
				849B1047272AD72B003761FA /* LoginConfigurator.swift */,
				849B104A272AD72B003761FA /* LoginViewController.storyboard */,
			);
			path = Login;
			sourceTree = "<group>";
		};
		849B104B272AD72B003761FA /* SignIn */ = {
			isa = PBXGroup;
			children = (
				849B104F272AD72B003761FA /* SignInViewController.swift */,
				849B104C272AD72B003761FA /* SignInPresenter.swift */,
				849B104D272AD72B003761FA /* SignInConfigurator.swift */,
				849B104E272AD72B003761FA /* SignInViewController.storyboard */,
			);
			path = SignIn;
			sourceTree = "<group>";
		};
		849B1058272ADCD1003761FA /* Elements */ = {
			isa = PBXGroup;
			children = (
				849B10A2272BF077003761FA /* CustomElements */,
				849B10A1272BF06F003761FA /* Views */,
				849B1091272BD71A003761FA /* Cell */,
				849B1022272ABDE2003761FA /* DiffableTableView */,
			);
			path = Elements;
			sourceTree = "<group>";
		};
		849B106D272AF6F1003761FA /* Basket */ = {
			isa = PBXGroup;
			children = (
				849B106F272AF6F1003761FA /* BasketViewController.swift */,
				849B1071272AF6F1003761FA /* BasketPresenter.swift */,
				849B1070272AF6F1003761FA /* BasketConfigurator.swift */,
				849B106E272AF6F1003761FA /* BasketViewController.storyboard */,
				84C8E155272C939600A902C8 /* TableView */,
			);
			path = Basket;
			sourceTree = "<group>";
		};
		849B1072272AF6F1003761FA /* ProductAdd */ = {
			isa = PBXGroup;
			children = (
				849B1075272AF6F1003761FA /* ProductAddViewController.swift */,
				849B1074272AF6F1003761FA /* ProductAddPresenter.swift */,
				849B1073272AF6F1003761FA /* ProductAddViewController.storyboard */,
				849B1076272AF6F1003761FA /* ProductAddConfigurator.swift */,
			);
			path = ProductAdd;
			sourceTree = "<group>";
		};
		849B1077272AF6F1003761FA /* TabBar */ = {
			isa = PBXGroup;
			children = (
				849B1079272AF6F1003761FA /* TabBarViewController.swift */,
				849B1078272AF6F1003761FA /* TabBarPresenter.swift */,
				849B107B272AF6F1003761FA /* TabBarConfigurator.swift */,
				849B107A272AF6F1003761FA /* TabBarViewController.storyboard */,
			);
			path = TabBar;
			sourceTree = "<group>";
		};
		849B107C272AF6F1003761FA /* Products */ = {
			isa = PBXGroup;
			children = (
				849B107D272AF6F1003761FA /* ProductsViewController.swift */,
				849B107E272AF6F1003761FA /* ProductsPresenter.swift */,
				849B107F272AF6F1003761FA /* ProductsConfigurator.swift */,
				849B1080272AF6F1003761FA /* ProductsViewController.storyboard */,
				849B10AC272BF1AE003761FA /* TableView */,
			);
			path = Products;
			sourceTree = "<group>";
		};
		849B1091272BD71A003761FA /* Cell */ = {
			isa = PBXGroup;
			children = (
				849B1092272BD725003761FA /* TableViewCell */,
			);
			path = Cell;
			sourceTree = "<group>";
		};
		849B1092272BD725003761FA /* TableViewCell */ = {
			isa = PBXGroup;
			children = (
				84C8E17D272D513B00A902C8 /* UserInfoCell */,
				849B10D1272C4353003761FA /* BasketCell */,
				849B10D5272C4354003761FA /* OrderTotalCell */,
				849B1095272BD80A003761FA /* ProductCell */,
			);
			path = TableViewCell;
			sourceTree = "<group>";
		};
		849B1095272BD80A003761FA /* ProductCell */ = {
			isa = PBXGroup;
			children = (
				849B1096272BD80A003761FA /* ProductCell.swift */,
				849B1097272BD80A003761FA /* ProductCell.xib */,
				849B1098272BD80A003761FA /* ProductViewModel.swift */,
			);
			path = ProductCell;
			sourceTree = "<group>";
		};
		849B109E272BF01E003761FA /* Protocols */ = {
			isa = PBXGroup;
			children = (
				842D1DB2273BFEBF00080E9C /* KeyboardStateObserver.swift */,
				84C8E15E272D35E800A902C8 /* HudViewProtocol.swift */,
				849B109F272BF033003761FA /* NibLoadable.swift */,
			);
			path = Protocols;
			sourceTree = "<group>";
		};
		849B10A1272BF06F003761FA /* Views */ = {
			isa = PBXGroup;
			children = (
				849B10A5272BF0BE003761FA /* TableHeaderView */,
			);
			path = Views;
			sourceTree = "<group>";
		};
		849B10A2272BF077003761FA /* CustomElements */ = {
			isa = PBXGroup;
			children = (
				849B1059272ADCF5003761FA /* CustomButton.swift */,
			);
			path = CustomElements;
			sourceTree = "<group>";
		};
		849B10A5272BF0BE003761FA /* TableHeaderView */ = {
			isa = PBXGroup;
			children = (
				849B10A6272BF0BE003761FA /* TableHeaderView.xib */,
				849B10A7272BF0BE003761FA /* TableHeaderView.swift */,
				849B10A8272BF0BE003761FA /* TableHeaderViewModel.swift */,
			);
			path = TableHeaderView;
			sourceTree = "<group>";
		};
		849B10AC272BF1AE003761FA /* TableView */ = {
			isa = PBXGroup;
			children = (
				849B10AD272BF1CE003761FA /* ProductsTableViewConfigurator.swift */,
				842D1DB4273C0D3100080E9C /* ProductSwipeConfigurator.swift */,
			);
			path = TableView;
			sourceTree = "<group>";
		};
		849B10B1272C20D7003761FA /* GraphQL */ = {
			isa = PBXGroup;
			children = (
				8462CDA2273A93A200535CD5 /* API.swift */,
				849B10C9272C2F9C003761FA /* Query.graphql */,
			);
			path = GraphQL;
			sourceTree = "<group>";
		};
		849B10D1272C4353003761FA /* BasketCell */ = {
			isa = PBXGroup;
			children = (
				849B10D4272C4354003761FA /* BasketCell.swift */,
				849B10D2272C4353003761FA /* BasketViewModel.swift */,
				849B10D3272C4353003761FA /* BasketCell.xib */,
			);
			path = BasketCell;
			sourceTree = "<group>";
		};
		849B10D5272C4354003761FA /* OrderTotalCell */ = {
			isa = PBXGroup;
			children = (
				849B10D6272C4354003761FA /* OrderTotalCell.swift */,
				849B10D7272C4354003761FA /* OrderTotalCell.xib */,
				849B10D8272C4354003761FA /* OrderTotalViewModel.swift */,
			);
			path = OrderTotalCell;
			sourceTree = "<group>";
		};
		849B921E2744FAEC008DA9D8 /* ApolloCodegen */ = {
			isa = PBXGroup;
			children = (
				849B921F2744FAEC008DA9D8 /* Tests */,
				849B92242744FAEC008DA9D8 /* README.md */,
				849B92252744FAEC008DA9D8 /* Package.resolved */,
				849B92262744FAEC008DA9D8 /* .gitignore */,
				849B92272744FAEC008DA9D8 /* Package.swift */,
				849B92282744FAEC008DA9D8 /* Sources */,
				849B922C2744FAEC008DA9D8 /* .swiftpm */,
			);
			path = ApolloCodegen;
			sourceTree = "<group>";
		};
		849B921F2744FAEC008DA9D8 /* Tests */ = {
			isa = PBXGroup;
			children = (
				849B92202744FAEC008DA9D8 /* LinuxMain.swift */,
				849B92212744FAEC008DA9D8 /* ApolloCodegenTests */,
			);
			path = Tests;
			sourceTree = "<group>";
		};
		849B92212744FAEC008DA9D8 /* ApolloCodegenTests */ = {
			isa = PBXGroup;
			children = (
				849B92222744FAEC008DA9D8 /* ApolloCodegenTests.swift */,
				849B92232744FAEC008DA9D8 /* XCTestManifests.swift */,
			);
			path = ApolloCodegenTests;
			sourceTree = "<group>";
		};
		849B92282744FAEC008DA9D8 /* Sources */ = {
			isa = PBXGroup;
			children = (
				849B92292744FAEC008DA9D8 /* ApolloCodegen */,
			);
			path = Sources;
			sourceTree = "<group>";
		};
		849B92292744FAEC008DA9D8 /* ApolloCodegen */ = {
			isa = PBXGroup;
			children = (
				849B922A2744FAEC008DA9D8 /* FileStructure.swift */,
				849B922B2744FAEC008DA9D8 /* main.swift */,
			);
			path = ApolloCodegen;
			sourceTree = "<group>";
		};
		849B922C2744FAEC008DA9D8 /* .swiftpm */ = {
			isa = PBXGroup;
			children = (
				849B922D2744FAEC008DA9D8 /* xcode */,
			);
			path = .swiftpm;
			sourceTree = "<group>";
		};
		849B922D2744FAEC008DA9D8 /* xcode */ = {
			isa = PBXGroup;
			children = (
				849B922E2744FAEC008DA9D8 /* package.xcworkspace */,
			);
			path = xcode;
			sourceTree = "<group>";
		};
		84C8E155272C939600A902C8 /* TableView */ = {
			isa = PBXGroup;
			children = (
				84C8E156272C946F00A902C8 /* BasketTableViewConfigurator.swift */,
			);
			path = TableView;
			sourceTree = "<group>";
		};
		84C8E158272D302400A902C8 /* ImagePicker */ = {
			isa = PBXGroup;
			children = (
				84C8E159272D303700A902C8 /* ImagePicker.swift */,
			);
			path = ImagePicker;
			sourceTree = "<group>";
		};
		84C8E16C272D4BB800A902C8 /* KeychainManager */ = {
			isa = PBXGroup;
			children = (
				84C8E16D272D4C0300A902C8 /* KeyChainKeys.swift */,
				84C8E16A272D4BB000A902C8 /* KeychainManager.swift */,
			);
			path = KeychainManager;
			sourceTree = "<group>";
		};
		84C8E16F272D4FA900A902C8 /* NetworkManager */ = {
			isa = PBXGroup;
			children = (
				8462CD9A273A651F00535CD5 /* NetworkManager.swift */,
				8462CD9C273A754300535CD5 /* NetworkInterceptorProvider.swift */,
				8462CD9E273A758200535CD5 /* CustomInterceptor.swift */,
				8462CDA0273A835E00535CD5 /* GraphQlCustomError.swift */,
			);
			path = NetworkManager;
			sourceTree = "<group>";
		};
		84C8E172272D4FF200A902C8 /* UserProfile */ = {
			isa = PBXGroup;
			children = (
				84C8E173272D4FF200A902C8 /* UserProfileViewController.swift */,
				84C8E174272D4FF200A902C8 /* UserProfilePresenter.swift */,
				84C8E175272D4FF200A902C8 /* UserProfileConfigurator.swift */,
				84C8E176272D4FF200A902C8 /* UserProfileViewController.storyboard */,
				84C8E184272D541500A902C8 /* TableView */,
			);
			path = UserProfile;
			sourceTree = "<group>";
		};
		84C8E17D272D513B00A902C8 /* UserInfoCell */ = {
			isa = PBXGroup;
			children = (
				84C8E17E272D513B00A902C8 /* UserInfoViewModel.swift */,
				84C8E17F272D513B00A902C8 /* UserInfoCell.swift */,
				84C8E180272D513B00A902C8 /* UserInfoCell.xib */,
			);
			path = UserInfoCell;
			sourceTree = "<group>";
		};
		84C8E184272D541500A902C8 /* TableView */ = {
			isa = PBXGroup;
			children = (
				84C8E185272D543800A902C8 /* UserTableViewConfigurator.swift */,
			);
			path = TableView;
			sourceTree = "<group>";
		};
/* End PBXGroup section */

/* Begin PBXNativeTarget section */
		849B0F98272AB464003761FA /* Products */ = {
			isa = PBXNativeTarget;
			buildConfigurationList = 849B0FAD272AB468003761FA /* Build configuration list for PBXNativeTarget "Products" */;
			buildPhases = (
				849B0F95272AB464003761FA /* Sources */,
				849B0F96272AB464003761FA /* Frameworks */,
				849B0F97272AB464003761FA /* Resources */,
				849B10B4272C2127003761FA /* Generate Apollo GraphQL API */,
			);
			buildRules = (
			);
			dependencies = (
			);
			name = Products;
			packageProductDependencies = (
				849B1013272ABC62003761FA /* SDWebImage */,
				84C8E15C272D353B00A902C8 /* MBProgressHUD */,
				84C8E168272D4B8C00A902C8 /* KeychainSwift */,
				842D1DC3273D20FD00080E9C /* Apollo */,
				842D1DC5273D20FD00080E9C /* ApolloAPI */,
				842D1DC7273D20FD00080E9C /* ApolloCodegenLib */,
				842D1DC9273D20FD00080E9C /* ApolloSQLite */,
				842D1DCB273D20FD00080E9C /* ApolloUtils */,
				842D1DCD273D20FD00080E9C /* ApolloWebSocket */,
			);
			productName = Products;
			productReference = 849B0F99272AB464003761FA /* Products.app */;
			productType = "com.apple.product-type.application";
		};
/* End PBXNativeTarget section */

/* Begin PBXProject section */
		849B0F91272AB464003761FA /* Project object */ = {
			isa = PBXProject;
			attributes = {
				BuildIndependentTargetsInParallel = 1;
				LastSwiftUpdateCheck = 1300;
				LastUpgradeCheck = 1300;
				TargetAttributes = {
					849B0F98272AB464003761FA = {
						CreatedOnToolsVersion = 13.0;
					};
				};
			};
			buildConfigurationList = 849B0F94272AB464003761FA /* Build configuration list for PBXProject "Products" */;
			compatibilityVersion = "Xcode 13.0";
			developmentRegion = en;
			hasScannedForEncodings = 0;
			knownRegions = (
				en,
				Base,
			);
			mainGroup = 849B0F90272AB464003761FA;
			packageReferences = (
				849B1012272ABC62003761FA /* XCRemoteSwiftPackageReference "SDWebImage" */,
				84C8E15B272D353B00A902C8 /* XCRemoteSwiftPackageReference "MBProgressHUD" */,
				84C8E167272D4B8B00A902C8 /* XCRemoteSwiftPackageReference "keychain-swift" */,
				842D1DC2273D20FD00080E9C /* XCRemoteSwiftPackageReference "apollo-ios" */,
			);
			productRefGroup = 849B0F9A272AB464003761FA /* Products */;
			projectDirPath = "";
			projectRoot = "";
			targets = (
				849B0F98272AB464003761FA /* Products */,
			);
		};
/* End PBXProject section */

/* Begin PBXResourcesBuildPhase section */
		849B0F97272AB464003761FA /* Resources */ = {
			isa = PBXResourcesBuildPhase;
			buildActionMask = 2147483647;
			files = (
				84C8E17A272D4FF200A902C8 /* UserProfileViewController.storyboard in Resources */,
				849B10A9272BF0BE003761FA /* TableHeaderView.xib in Resources */,
				849B92342744FAED008DA9D8 /* README.md in Resources */,
				849B0FA9272AB468003761FA /* LaunchScreen.storyboard in Resources */,
				849B92362744FAED008DA9D8 /* .gitignore in Resources */,
				849B10CA272C2F9C003761FA /* Query.graphql in Resources */,
				849B1085272AF6F1003761FA /* ProductAddViewController.storyboard in Resources */,
				849B105F272AEC55003761FA /* Poppins-Bold.ttf in Resources */,
				849B109D272BE9EF003761FA /* Poppins-Medium.ttf in Resources */,
				849B108B272AF6F1003761FA /* TabBarViewController.storyboard in Resources */,
				849B1060272AEC55003761FA /* Poppins-Regular.ttf in Resources */,
				849B1056272AD72B003761FA /* SignInViewController.storyboard in Resources */,
				84C8E183272D513B00A902C8 /* UserInfoCell.xib in Resources */,
				849B10DA272C4354003761FA /* BasketCell.xib in Resources */,
				849B1090272AF6F1003761FA /* ProductsViewController.storyboard in Resources */,
				849B923A2744FAED008DA9D8 /* package.xcworkspace in Resources */,
				849B1053272AD72B003761FA /* LoginViewController.storyboard in Resources */,
				849B0FA6272AB468003761FA /* Assets.xcassets in Resources */,
				849B92352744FAED008DA9D8 /* Package.resolved in Resources */,
				849B10DD272C4354003761FA /* OrderTotalCell.xib in Resources */,
				849B109A272BD80A003761FA /* ProductCell.xib in Resources */,
				849B1039272AC35D003761FA /* RouterViewController.storyboard in Resources */,
				849B1081272AF6F1003761FA /* BasketViewController.storyboard in Resources */,
			);
			runOnlyForDeploymentPostprocessing = 0;
		};
/* End PBXResourcesBuildPhase section */

/* Begin PBXShellScriptBuildPhase section */
		849B10B4272C2127003761FA /* Generate Apollo GraphQL API */ = {
			isa = PBXShellScriptBuildPhase;
			buildActionMask = 2147483647;
			files = (
			);
			inputFileListPaths = (
			);
			inputPaths = (
			);
			name = "Generate Apollo GraphQL API";
			outputFileListPaths = (
			);
			outputPaths = (
			);
			runOnlyForDeploymentPostprocessing = 0;
			shellPath = /bin/sh;
			shellScript = "# Don't run this during index builds\nif [ $ACTION = \"indexbuild\" ]; then exit 0; fi\n\n# Go to the build root and search up the chain to find the Derived Data Path where the source packages are checked out.\nDERIVED_DATA_CANDIDATE=\"${BUILD_ROOT}\"\n\nwhile ! [ -d \"${DERIVED_DATA_CANDIDATE}/SourcePackages\" ]; do\n  if [ \"${DERIVED_DATA_CANDIDATE}\" = / ]; then\n    echo >&2 \"error: Unable to locate SourcePackages directory from BUILD_ROOT: '${BUILD_ROOT}'\"\n    exit 1\n  fi\n\n  DERIVED_DATA_CANDIDATE=\"$(dirname \"${DERIVED_DATA_CANDIDATE}\")\"\ndone\n\n# Grab a reference to the directory where scripts are checked out\nSCRIPT_PATH=\"${DERIVED_DATA_CANDIDATE}/SourcePackages/checkouts/apollo-ios/scripts\"\n\nif [ -z \"${SCRIPT_PATH}\" ]; then\n    echo >&2 \"error: Couldn't find the CLI script in your checked out SPM packages; make sure to add the framework to vyour project.\"\n    exit 1\nfi\n\ncd \"${SRCROOT}/${TARGET_NAME}\"\n\n# Download new schema\n \"${SCRIPT_PATH}\"/run-bundled-codegen.sh schema:download \\\n--header=\"APOLLO_USER: iO4z3C-2j3JHEUC8BIP1eQ\" \\\n--header=\"APOLLO_KEY: service:iO4z3C-2j3JHEUC8BIP1eQ:6P3sWMSR0N51rx6RzH9fPg\" \\\n--header=\"APOLLO_GRAPH_ID: iO4z3C-2j3JHEUC8BIP1eQ\" \\\n--header=\"APOLLO_SCHEMA_REPORTING: true\" \\\n--header=\"APOLLO_GRAPH_VARIANT: current\" \\\n--endpoint=https://a5node-graphql-apollo.herokuapp.com/api/graphql \\\nschema.json\n\n# Create API file\n# \"${SCRIPT_PATH}\"/run-bundled-codegen.sh codegen:generate --target=swift --includes=./**/*.graphql --localSchemaFile=\"schema.json\" Products/Resources/GraphQL/API.swift\n";
		};
/* End PBXShellScriptBuildPhase section */

/* Begin PBXSourcesBuildPhase section */
		849B0F95272AB464003761FA /* Sources */ = {
			isa = PBXSourcesBuildPhase;
			buildActionMask = 2147483647;
			files = (
				849B92332744FAED008DA9D8 /* XCTestManifests.swift in Sources */,
				8462CD9D273A754300535CD5 /* NetworkInterceptorProvider.swift in Sources */,
				849B10AA272BF0BE003761FA /* TableHeaderView.swift in Sources */,
				842D1DB7273C11F400080E9C /* TableViewCell+SwipeStyle.swift in Sources */,
				849B1052272AD72B003761FA /* LoginPresenter.swift in Sources */,
				849B1050272AD72B003761FA /* LoginConfigurator.swift in Sources */,
				849B10AE272BF1CE003761FA /* ProductsTableViewConfigurator.swift in Sources */,
				8462CD9F273A758200535CD5 /* CustomInterceptor.swift in Sources */,
				842D1DD8273EBE7200080E9C /* ValidationError.swift in Sources */,
				849B108E272AF6F1003761FA /* ProductsPresenter.swift in Sources */,
				849B1084272AF6F1003761FA /* BasketPresenter.swift in Sources */,
				849B1055272AD72B003761FA /* SignInConfigurator.swift in Sources */,
				849B92372744FAED008DA9D8 /* Package.swift in Sources */,
				849B10B0272BF1E5003761FA /* TableView+DequeueCell.swift in Sources */,
				849B103A272AC35D003761FA /* RouterConfigurator.swift in Sources */,
				8462CD9B273A652000535CD5 /* NetworkManager.swift in Sources */,
				849B105E272AE8FA003761FA /* UITextField+View.swift in Sources */,
				849B105A272ADCF5003761FA /* CustomButton.swift in Sources */,
				849B1082272AF6F1003761FA /* BasketViewController.swift in Sources */,
				849B1062272AED26003761FA /* UIViewController+KeyBoard.swift in Sources */,
				849B1029272ABDE2003761FA /* DiffableTableSectionViewModel.swift in Sources */,
				842D1DD2273E75D000080E9C /* ProfileModel.swift in Sources */,
				842D1DB5273C0D3100080E9C /* ProductSwipeConfigurator.swift in Sources */,
				849B1051272AD72B003761FA /* LoginViewController.swift in Sources */,
				849B102D272ABDE2003761FA /* DiffableTableUpdateProtocol.swift in Sources */,
				849B102C272ABDE2003761FA /* DiffableTableView.swift in Sources */,
				849B92392744FAED008DA9D8 /* main.swift in Sources */,
				849B103B272AC35D003761FA /* RouterViewController.swift in Sources */,
				842D1DD6273EBE5500080E9C /* ProductValidationService.swift in Sources */,
				849B92322744FAED008DA9D8 /* ApolloCodegenTests.swift in Sources */,
				84C8E165272D4ACE00A902C8 /* UserModel.swift in Sources */,
				84C8E182272D513B00A902C8 /* UserInfoCell.swift in Sources */,
				849B10DE272C4354003761FA /* OrderTotalViewModel.swift in Sources */,
				84C8E161272D49EC00A902C8 /* ProductModel.swift in Sources */,
				849B92312744FAED008DA9D8 /* LinuxMain.swift in Sources */,
				849B1057272AD72B003761FA /* SignInViewController.swift in Sources */,
				849B108F272AF6F1003761FA /* ProductsConfigurator.swift in Sources */,
				849B108D272AF6F1003761FA /* ProductsViewController.swift in Sources */,
				849B105C272ADDA4003761FA /* Constants.swift in Sources */,
				849B1054272AD72B003761FA /* SignInPresenter.swift in Sources */,
				849B102E272ABDE2003761FA /* DiffableTableSwipeViewModel.swift in Sources */,
				849B92382744FAED008DA9D8 /* FileStructure.swift in Sources */,
				849B108C272AF6F1003761FA /* TabBarConfigurator.swift in Sources */,
				849B103E272ACAF2003761FA /* UIView+Gradient.swift in Sources */,
				849B1032272AC24B003761FA /* UIViewController+Instantiate.swift in Sources */,
				8462CDA3273A93A200535CD5 /* API.swift in Sources */,
				849B10DC272C4354003761FA /* OrderTotalCell.swift in Sources */,
				84C8E177272D4FF200A902C8 /* UserProfileViewController.swift in Sources */,
				849B1089272AF6F1003761FA /* TabBarPresenter.swift in Sources */,
				849B1083272AF6F1003761FA /* BasketConfigurator.swift in Sources */,
				8462CDA1273A835E00535CD5 /* GraphQlCustomError.swift in Sources */,
				84C8E179272D4FF200A902C8 /* UserProfileConfigurator.swift in Sources */,
				84C8E157272C946F00A902C8 /* BasketTableViewConfigurator.swift in Sources */,
				849B10DB272C4354003761FA /* BasketCell.swift in Sources */,
				84C8E163272D4A6A00A902C8 /* OrderModel.swift in Sources */,
				84C8E178272D4FF200A902C8 /* UserProfilePresenter.swift in Sources */,
				84C8E16B272D4BB000A902C8 /* KeychainManager.swift in Sources */,
				849B103C272AC35D003761FA /* RouterPresenter.swift in Sources */,
				84C8E15F272D35E800A902C8 /* HudViewProtocol.swift in Sources */,
				849B1087272AF6F1003761FA /* ProductAddViewController.swift in Sources */,
				842D1DB3273BFEBF00080E9C /* KeyboardStateObserver.swift in Sources */,
				849B102B272ABDE2003761FA /* DiffableTableDelegate.swift in Sources */,
				849B0F9D272AB464003761FA /* AppDelegate.swift in Sources */,
				84C8E181272D513B00A902C8 /* UserInfoViewModel.swift in Sources */,
				8462CDAC273BC65300535CD5 /* AuthValidationService.swift in Sources */,
				849B1088272AF6F1003761FA /* ProductAddConfigurator.swift in Sources */,
				849B0F9F272AB464003761FA /* SceneDelegate.swift in Sources */,
				849B1086272AF6F1003761FA /* ProductAddPresenter.swift in Sources */,
				849B10AB272BF0BE003761FA /* TableHeaderViewModel.swift in Sources */,
				849B1099272BD80A003761FA /* ProductCell.swift in Sources */,
				849B102A272ABDE2003761FA /* DiffableTableDataSource.swift in Sources */,
				849B10A0272BF033003761FA /* NibLoadable.swift in Sources */,
				849B108A272AF6F1003761FA /* TabBarViewController.swift in Sources */,
				84C8E186272D543800A902C8 /* UserTableViewConfigurator.swift in Sources */,
				842D1DD0273D7C3B00080E9C /* ListModel.swift in Sources */,
				84C8E15A272D303800A902C8 /* ImagePicker.swift in Sources */,
				842D1DD4273E88D500080E9C /* Date+String.swift in Sources */,
				84C8E16E272D4C0300A902C8 /* KeyChainKeys.swift in Sources */,
				849B10D9272C4354003761FA /* BasketViewModel.swift in Sources */,
				849B109B272BD80A003761FA /* ProductViewModel.swift in Sources */,
			);
			runOnlyForDeploymentPostprocessing = 0;
		};
/* End PBXSourcesBuildPhase section */

/* Begin PBXVariantGroup section */
		849B0FA7272AB468003761FA /* LaunchScreen.storyboard */ = {
			isa = PBXVariantGroup;
			children = (
				849B0FA8272AB468003761FA /* Base */,
			);
			name = LaunchScreen.storyboard;
			sourceTree = "<group>";
		};
/* End PBXVariantGroup section */

/* Begin XCBuildConfiguration section */
		849B0FAB272AB468003761FA /* Debug */ = {
			isa = XCBuildConfiguration;
			buildSettings = {
				ALWAYS_SEARCH_USER_PATHS = NO;
				CLANG_ANALYZER_NONNULL = YES;
				CLANG_ANALYZER_NUMBER_OBJECT_CONVERSION = YES_AGGRESSIVE;
				CLANG_CXX_LANGUAGE_STANDARD = "gnu++17";
				CLANG_CXX_LIBRARY = "libc++";
				CLANG_ENABLE_MODULES = YES;
				CLANG_ENABLE_OBJC_ARC = YES;
				CLANG_ENABLE_OBJC_WEAK = YES;
				CLANG_WARN_BLOCK_CAPTURE_AUTORELEASING = YES;
				CLANG_WARN_BOOL_CONVERSION = YES;
				CLANG_WARN_COMMA = YES;
				CLANG_WARN_CONSTANT_CONVERSION = YES;
				CLANG_WARN_DEPRECATED_OBJC_IMPLEMENTATIONS = YES;
				CLANG_WARN_DIRECT_OBJC_ISA_USAGE = YES_ERROR;
				CLANG_WARN_DOCUMENTATION_COMMENTS = YES;
				CLANG_WARN_EMPTY_BODY = YES;
				CLANG_WARN_ENUM_CONVERSION = YES;
				CLANG_WARN_INFINITE_RECURSION = YES;
				CLANG_WARN_INT_CONVERSION = YES;
				CLANG_WARN_NON_LITERAL_NULL_CONVERSION = YES;
				CLANG_WARN_OBJC_IMPLICIT_RETAIN_SELF = YES;
				CLANG_WARN_OBJC_LITERAL_CONVERSION = YES;
				CLANG_WARN_OBJC_ROOT_CLASS = YES_ERROR;
				CLANG_WARN_QUOTED_INCLUDE_IN_FRAMEWORK_HEADER = YES;
				CLANG_WARN_RANGE_LOOP_ANALYSIS = YES;
				CLANG_WARN_STRICT_PROTOTYPES = YES;
				CLANG_WARN_SUSPICIOUS_MOVE = YES;
				CLANG_WARN_UNGUARDED_AVAILABILITY = YES_AGGRESSIVE;
				CLANG_WARN_UNREACHABLE_CODE = YES;
				CLANG_WARN__DUPLICATE_METHOD_MATCH = YES;
				COPY_PHASE_STRIP = NO;
				DEBUG_INFORMATION_FORMAT = dwarf;
				ENABLE_STRICT_OBJC_MSGSEND = YES;
				ENABLE_TESTABILITY = YES;
				GCC_C_LANGUAGE_STANDARD = gnu11;
				GCC_DYNAMIC_NO_PIC = NO;
				GCC_NO_COMMON_BLOCKS = YES;
				GCC_OPTIMIZATION_LEVEL = 0;
				GCC_PREPROCESSOR_DEFINITIONS = (
					"DEBUG=1",
					"$(inherited)",
				);
				GCC_WARN_64_TO_32_BIT_CONVERSION = YES;
				GCC_WARN_ABOUT_RETURN_TYPE = YES_ERROR;
				GCC_WARN_UNDECLARED_SELECTOR = YES;
				GCC_WARN_UNINITIALIZED_AUTOS = YES_AGGRESSIVE;
				GCC_WARN_UNUSED_FUNCTION = YES;
				GCC_WARN_UNUSED_VARIABLE = YES;
				IPHONEOS_DEPLOYMENT_TARGET = 15.0;
				MTL_ENABLE_DEBUG_INFO = INCLUDE_SOURCE;
				MTL_FAST_MATH = YES;
				ONLY_ACTIVE_ARCH = YES;
				SDKROOT = iphoneos;
				SWIFT_ACTIVE_COMPILATION_CONDITIONS = DEBUG;
				SWIFT_OPTIMIZATION_LEVEL = "-Onone";
			};
			name = Debug;
		};
		849B0FAC272AB468003761FA /* Release */ = {
			isa = XCBuildConfiguration;
			buildSettings = {
				ALWAYS_SEARCH_USER_PATHS = NO;
				CLANG_ANALYZER_NONNULL = YES;
				CLANG_ANALYZER_NUMBER_OBJECT_CONVERSION = YES_AGGRESSIVE;
				CLANG_CXX_LANGUAGE_STANDARD = "gnu++17";
				CLANG_CXX_LIBRARY = "libc++";
				CLANG_ENABLE_MODULES = YES;
				CLANG_ENABLE_OBJC_ARC = YES;
				CLANG_ENABLE_OBJC_WEAK = YES;
				CLANG_WARN_BLOCK_CAPTURE_AUTORELEASING = YES;
				CLANG_WARN_BOOL_CONVERSION = YES;
				CLANG_WARN_COMMA = YES;
				CLANG_WARN_CONSTANT_CONVERSION = YES;
				CLANG_WARN_DEPRECATED_OBJC_IMPLEMENTATIONS = YES;
				CLANG_WARN_DIRECT_OBJC_ISA_USAGE = YES_ERROR;
				CLANG_WARN_DOCUMENTATION_COMMENTS = YES;
				CLANG_WARN_EMPTY_BODY = YES;
				CLANG_WARN_ENUM_CONVERSION = YES;
				CLANG_WARN_INFINITE_RECURSION = YES;
				CLANG_WARN_INT_CONVERSION = YES;
				CLANG_WARN_NON_LITERAL_NULL_CONVERSION = YES;
				CLANG_WARN_OBJC_IMPLICIT_RETAIN_SELF = YES;
				CLANG_WARN_OBJC_LITERAL_CONVERSION = YES;
				CLANG_WARN_OBJC_ROOT_CLASS = YES_ERROR;
				CLANG_WARN_QUOTED_INCLUDE_IN_FRAMEWORK_HEADER = YES;
				CLANG_WARN_RANGE_LOOP_ANALYSIS = YES;
				CLANG_WARN_STRICT_PROTOTYPES = YES;
				CLANG_WARN_SUSPICIOUS_MOVE = YES;
				CLANG_WARN_UNGUARDED_AVAILABILITY = YES_AGGRESSIVE;
				CLANG_WARN_UNREACHABLE_CODE = YES;
				CLANG_WARN__DUPLICATE_METHOD_MATCH = YES;
				COPY_PHASE_STRIP = NO;
				DEBUG_INFORMATION_FORMAT = "dwarf-with-dsym";
				ENABLE_NS_ASSERTIONS = NO;
				ENABLE_STRICT_OBJC_MSGSEND = YES;
				GCC_C_LANGUAGE_STANDARD = gnu11;
				GCC_NO_COMMON_BLOCKS = YES;
				GCC_WARN_64_TO_32_BIT_CONVERSION = YES;
				GCC_WARN_ABOUT_RETURN_TYPE = YES_ERROR;
				GCC_WARN_UNDECLARED_SELECTOR = YES;
				GCC_WARN_UNINITIALIZED_AUTOS = YES_AGGRESSIVE;
				GCC_WARN_UNUSED_FUNCTION = YES;
				GCC_WARN_UNUSED_VARIABLE = YES;
				IPHONEOS_DEPLOYMENT_TARGET = 15.0;
				MTL_ENABLE_DEBUG_INFO = NO;
				MTL_FAST_MATH = YES;
				SDKROOT = iphoneos;
				SWIFT_COMPILATION_MODE = wholemodule;
				SWIFT_OPTIMIZATION_LEVEL = "-O";
				VALIDATE_PRODUCT = YES;
			};
			name = Release;
		};
		849B0FAE272AB468003761FA /* Debug */ = {
			isa = XCBuildConfiguration;
			buildSettings = {
				ASSETCATALOG_COMPILER_APPICON_NAME = AppIcon;
				ASSETCATALOG_COMPILER_GLOBAL_ACCENT_COLOR_NAME = AccentColor;
				CODE_SIGN_STYLE = Automatic;
				CURRENT_PROJECT_VERSION = 1;
				DEVELOPMENT_TEAM = 2X76T92HD6;
				GENERATE_INFOPLIST_FILE = YES;
				INFOPLIST_FILE = Products/Products/Settings/Info.plist;
				INFOPLIST_KEY_UIApplicationSupportsIndirectInputEvents = YES;
				INFOPLIST_KEY_UILaunchStoryboardName = LaunchScreen;
				INFOPLIST_KEY_UIRequiresFullScreen = NO;
				INFOPLIST_KEY_UISupportedInterfaceOrientations = UIInterfaceOrientationPortrait;
				INFOPLIST_KEY_UISupportedInterfaceOrientations_iPad = "UIInterfaceOrientationPortrait UIInterfaceOrientationPortraitUpsideDown UIInterfaceOrientationLandscapeLeft UIInterfaceOrientationLandscapeRight";
				INFOPLIST_KEY_UISupportedInterfaceOrientations_iPhone = "UIInterfaceOrientationPortrait UIInterfaceOrientationLandscapeLeft UIInterfaceOrientationLandscapeRight";
				LD_RUNPATH_SEARCH_PATHS = (
					"$(inherited)",
					"@executable_path/Frameworks",
				);
				MARKETING_VERSION = 1.0;
				PRODUCT_BUNDLE_IDENTIFIER = com.ua.a5.graphQL.Products;
				PRODUCT_NAME = "$(TARGET_NAME)";
				SWIFT_EMIT_LOC_STRINGS = YES;
				SWIFT_VERSION = 5.0;
				TARGETED_DEVICE_FAMILY = "1,2";
			};
			name = Debug;
		};
		849B0FAF272AB468003761FA /* Release */ = {
			isa = XCBuildConfiguration;
			buildSettings = {
				ASSETCATALOG_COMPILER_APPICON_NAME = AppIcon;
				ASSETCATALOG_COMPILER_GLOBAL_ACCENT_COLOR_NAME = AccentColor;
				CODE_SIGN_STYLE = Automatic;
				CURRENT_PROJECT_VERSION = 1;
				DEVELOPMENT_TEAM = 2X76T92HD6;
				GENERATE_INFOPLIST_FILE = YES;
				INFOPLIST_FILE = Products/Products/Settings/Info.plist;
				INFOPLIST_KEY_UIApplicationSupportsIndirectInputEvents = YES;
				INFOPLIST_KEY_UILaunchStoryboardName = LaunchScreen;
				INFOPLIST_KEY_UIRequiresFullScreen = NO;
				INFOPLIST_KEY_UISupportedInterfaceOrientations = UIInterfaceOrientationPortrait;
				INFOPLIST_KEY_UISupportedInterfaceOrientations_iPad = "UIInterfaceOrientationPortrait UIInterfaceOrientationPortraitUpsideDown UIInterfaceOrientationLandscapeLeft UIInterfaceOrientationLandscapeRight";
				INFOPLIST_KEY_UISupportedInterfaceOrientations_iPhone = "UIInterfaceOrientationPortrait UIInterfaceOrientationLandscapeLeft UIInterfaceOrientationLandscapeRight";
				LD_RUNPATH_SEARCH_PATHS = (
					"$(inherited)",
					"@executable_path/Frameworks",
				);
				MARKETING_VERSION = 1.0;
				PRODUCT_BUNDLE_IDENTIFIER = com.ua.a5.graphQL.Products;
				PRODUCT_NAME = "$(TARGET_NAME)";
				SWIFT_EMIT_LOC_STRINGS = YES;
				SWIFT_VERSION = 5.0;
				TARGETED_DEVICE_FAMILY = "1,2";
			};
			name = Release;
		};
/* End XCBuildConfiguration section */

/* Begin XCConfigurationList section */
		849B0F94272AB464003761FA /* Build configuration list for PBXProject "Products" */ = {
			isa = XCConfigurationList;
			buildConfigurations = (
				849B0FAB272AB468003761FA /* Debug */,
				849B0FAC272AB468003761FA /* Release */,
			);
			defaultConfigurationIsVisible = 0;
			defaultConfigurationName = Release;
		};
		849B0FAD272AB468003761FA /* Build configuration list for PBXNativeTarget "Products" */ = {
			isa = XCConfigurationList;
			buildConfigurations = (
				849B0FAE272AB468003761FA /* Debug */,
				849B0FAF272AB468003761FA /* Release */,
			);
			defaultConfigurationIsVisible = 0;
			defaultConfigurationName = Release;
		};
/* End XCConfigurationList section */

/* Begin XCRemoteSwiftPackageReference section */
		842D1DC2273D20FD00080E9C /* XCRemoteSwiftPackageReference "apollo-ios" */ = {
			isa = XCRemoteSwiftPackageReference;
			repositoryURL = "https://github.com/apollographql/apollo-ios.git";
			requirement = {
				kind = upToNextMajorVersion;
				minimumVersion = 0.49.0;
			};
		};
		849B1012272ABC62003761FA /* XCRemoteSwiftPackageReference "SDWebImage" */ = {
			isa = XCRemoteSwiftPackageReference;
			repositoryURL = "https://github.com/SDWebImage/SDWebImage";
			requirement = {
				kind = upToNextMajorVersion;
				minimumVersion = 5.0.0;
			};
		};
		84C8E15B272D353B00A902C8 /* XCRemoteSwiftPackageReference "MBProgressHUD" */ = {
			isa = XCRemoteSwiftPackageReference;
			repositoryURL = "https://github.com/jdg/MBProgressHUD.git";
			requirement = {
				kind = upToNextMajorVersion;
				minimumVersion = 1.0.0;
			};
		};
		84C8E167272D4B8B00A902C8 /* XCRemoteSwiftPackageReference "keychain-swift" */ = {
			isa = XCRemoteSwiftPackageReference;
			repositoryURL = "https://github.com/evgenyneu/keychain-swift.git";
			requirement = {
				branch = master;
				kind = branch;
			};
		};
/* End XCRemoteSwiftPackageReference section */

/* Begin XCSwiftPackageProductDependency section */
		842D1DC3273D20FD00080E9C /* Apollo */ = {
			isa = XCSwiftPackageProductDependency;
			package = 842D1DC2273D20FD00080E9C /* XCRemoteSwiftPackageReference "apollo-ios" */;
			productName = Apollo;
		};
		842D1DC5273D20FD00080E9C /* ApolloAPI */ = {
			isa = XCSwiftPackageProductDependency;
			package = 842D1DC2273D20FD00080E9C /* XCRemoteSwiftPackageReference "apollo-ios" */;
			productName = ApolloAPI;
		};
		842D1DC7273D20FD00080E9C /* ApolloCodegenLib */ = {
			isa = XCSwiftPackageProductDependency;
			package = 842D1DC2273D20FD00080E9C /* XCRemoteSwiftPackageReference "apollo-ios" */;
			productName = ApolloCodegenLib;
		};
		842D1DC9273D20FD00080E9C /* ApolloSQLite */ = {
			isa = XCSwiftPackageProductDependency;
			package = 842D1DC2273D20FD00080E9C /* XCRemoteSwiftPackageReference "apollo-ios" */;
			productName = ApolloSQLite;
		};
		842D1DCB273D20FD00080E9C /* ApolloUtils */ = {
			isa = XCSwiftPackageProductDependency;
			package = 842D1DC2273D20FD00080E9C /* XCRemoteSwiftPackageReference "apollo-ios" */;
			productName = ApolloUtils;
		};
		842D1DCD273D20FD00080E9C /* ApolloWebSocket */ = {
			isa = XCSwiftPackageProductDependency;
			package = 842D1DC2273D20FD00080E9C /* XCRemoteSwiftPackageReference "apollo-ios" */;
			productName = ApolloWebSocket;
		};
		849B1013272ABC62003761FA /* SDWebImage */ = {
			isa = XCSwiftPackageProductDependency;
			package = 849B1012272ABC62003761FA /* XCRemoteSwiftPackageReference "SDWebImage" */;
			productName = SDWebImage;
		};
		84C8E15C272D353B00A902C8 /* MBProgressHUD */ = {
			isa = XCSwiftPackageProductDependency;
			package = 84C8E15B272D353B00A902C8 /* XCRemoteSwiftPackageReference "MBProgressHUD" */;
			productName = MBProgressHUD;
		};
		84C8E168272D4B8C00A902C8 /* KeychainSwift */ = {
			isa = XCSwiftPackageProductDependency;
			package = 84C8E167272D4B8B00A902C8 /* XCRemoteSwiftPackageReference "keychain-swift" */;
			productName = KeychainSwift;
		};
/* End XCSwiftPackageProductDependency section */
	};
	rootObject = 849B0F91272AB464003761FA /* Project object */;
}
